
Microsoft Visual Studio Solution File, Format Version 12.00
Project("{FAE04EC0-301F-11D3-BF4B-00C04F79EFBC}") = "TrueSinkholes", "TrueSinkholes.csproj", "{4FAE067A-E44F-4380-B41E-A3F4EA9FE0E2}"
EndProject
Global
	GlobalSection(SolutionConfigurationPlatforms) = preSolution
		Debug|Any CPU = Debug|Any CPU
		Release|Any CPU = Release|Any CPU
	EndGlobalSection
	GlobalSection(ProjectConfigurationPlatforms) = postSolution
		{4FAE067A-E44F-4380-B41E-A3F4EA9FE0E2}.Debug|Any CPU.ActiveCfg = Debug|Any CPU
		{4FAE067A-E44F-4380-B41E-A3F4EA9FE0E2}.Debug|Any CPU.Build.0 = Debug|Any CPU
		{4FAE067A-E44F-4380-B41E-A3F4EA9FE0E2}.Release|Any CPU.ActiveCfg = Release|Any CPU
		{4FAE067A-E44F-4380-B41E-A3F4EA9FE0E2}.Release|Any CPU.Build.0 = Release|Any CPU
	EndGlobalSection
EndGlobal
